# This file was autogenerated by Stack.
# You should not edit this file by hand.
# For more information, please see the documentation at:
#   https://docs.haskellstack.org/en/stable/topics/lock_files

packages:
- completed:
    hackage: z3-408.2@sha256:1f8b6ccbcc6d06a6701900a09fcfcbaf86ed8a8495615710bef4da5cdb073a3f,4226
    pantry-tree:
      sha256: e8562391054f4e07035ab25e1c7ecfba687a46e15aefee4c588b6434dc0b93d8
      size: 1476
  original:
    hackage: z3-408.2
snapshots:
- completed:
    sha256: 514c8048a143da1e6f2c18484467d2136033a0b94b6617fe333089817edbbc27
    size: 729000
    url: https://raw.githubusercontent.com/commercialhaskell/stackage-snapshots/master/lts/24/40.yaml
  original: lts-24.40
