# This file was autogenerated by Stack.
# You should not edit this file by hand.
# For more information, please see the documentation at:
#   https://docs.haskellstack.org/en/stable/lock_files

packages:
- completed:
    hackage: z3-408.1@sha256:809968ed9329172448a7c89ce327cfa1c9632272d2a2c06211025257100c5c93,4116
    pantry-tree:
      size: 1475
      sha256: abb36d87c8790196fada5754fdbcc88eaf8c956ac419aa8544718d15eb3a0ae5
  original:
    hackage: z3-408.1@sha256:809968ed9329172448a7c89ce327cfa1c9632272d2a2c06211025257100c5c93,4116
snapshots:
- completed:
    size: 565715
    url: https://raw.githubusercontent.com/commercialhaskell/stackage-snapshots/master/lts/17/7.yaml
    sha256: 1b5e4124989399e60e7a7901f0cefd910beea546131fb07a13a7208c4cc8b7ee
  original: lts-17.7
